
Microsoft Visual Studio Solution File, Format Version 12.00
# Visual Studio Version 17
VisualStudioVersion = 17.7.34009.444
MinimumVisualStudioVersion = 10.0.40219.1
Project("{FAE04EC0-301F-11D3-BF4B-00C04F79EFBC}") = "Examen1", "Examen1\Examen1.csproj", "{2D85BC5E-7763-46E7-9863-9BF37DFBE785}"
EndProject
Global
	GlobalSection(SolutionConfigurationPlatforms) = preSolution
		Debug|Any CPU = Debug|Any CPU
		Release|Any CPU = Release|Any CPU
	EndGlobalSection
	GlobalSection(ProjectConfigurationPlatforms) = postSolution
		{2D85BC5E-7763-46E7-9863-9BF37DFBE785}.Debug|Any CPU.ActiveCfg = Debug|Any CPU
		{2D85BC5E-7763-46E7-9863-9BF37DFBE785}.Debug|Any CPU.Build.0 = Debug|Any CPU
		{2D85BC5E-7763-46E7-9863-9BF37DFBE785}.Release|Any CPU.ActiveCfg = Release|Any CPU
		{2D85BC5E-7763-46E7-9863-9BF37DFBE785}.Release|Any CPU.Build.0 = Release|Any CPU
	EndGlobalSection
	GlobalSection(SolutionProperties) = preSolution
		HideSolutionNode = FALSE
	EndGlobalSection
	GlobalSection(ExtensibilityGlobals) = postSolution
		SolutionGuid = {93085CBB-717B-4FB3-8B7D-65E5523F1FDC}
	EndGlobalSection
EndGlobal
